
Microsoft Visual Studio Solution File, Format Version 12.00
# Visual Studio Version 17
VisualStudioVersion = 17.0.31903.59
MinimumVisualStudioVersion = 10.0.40219.1
Project("{FAE04EC0-301F-11D3-BF4B-00C04F79EFBC}") = "OnlineShop", "OnlineShop.csproj", "{5A635C41-08F0-422F-A6C3-3BE1E08BB2C8}"
EndProject
Global
	GlobalSection(SolutionConfigurationPlatforms) = preSolution
		Debug|Any CPU = Debug|Any CPU
		Release|Any CPU = Release|Any CPU
	EndGlobalSection
	GlobalSection(ProjectConfigurationPlatforms) = postSolution
		{5A635C41-08F0-422F-A6C3-3BE1E08BB2C8}.Debug|Any CPU.ActiveCfg = Debug|Any CPU
		{5A635C41-08F0-422F-A6C3-3BE1E08BB2C8}.Debug|Any CPU.Build.0 = Debug|Any CPU
		{5A635C41-08F0-422F-A6C3-3BE1E08BB2C8}.Release|Any CPU.ActiveCfg = Release|Any CPU
		{5A635C41-08F0-422F-A6C3-3BE1E08BB2C8}.Release|Any CPU.Build.0 = Release|Any CPU
	EndGlobalSection
	GlobalSection(SolutionProperties) = preSolution
		HideSolutionNode = FALSE
	EndGlobalSection
	GlobalSection(ExtensibilityGlobals) = postSolution
		SolutionGuid = {4A7F10CA-77B9-4BC5-B8D6-390B14558CA4}
	EndGlobalSection
EndGlobal
